{
  "nodes": {
    "bwk": {
      "flake": false,
      "locked": {
        "lastModified": 1780230206,
        "narHash": "sha256-eaQsBHZB2tQBdB2iy+DDpHxQAFK1GYBidwuw08EYa+c=",
        "owner": "pythcoiner",
        "repo": "bwk",
        "rev": "fb0adf5af6968552149579d94c339eaf25500664",
        "type": "github"
      },
      "original": {
        "owner": "pythcoiner",
        "ref": "master",
        "repo": "bwk",
        "type": "github"
      }
    },
    "nixpkgs": {
      "locked": {
        "lastModified": 1767313136,
        "narHash": "sha256-16KkgfdYqjaeRGBaYsNrhPRRENs0qzkQVUooNHtoy2w=",
        "owner": "NixOS",
        "repo": "nixpkgs",
        "rev": "ac62194c3917d5f474c1a844b6fd6da2db95077d",
        "type": "github"
      },
      "original": {
        "owner": "NixOS",
        "ref": "nixos-25.05",
        "repo": "nixpkgs",
        "type": "github"
      }
    },
    "qontrol": {
      "flake": false,
      "locked": {
        "lastModified": 1769086476,
        "narHash": "sha256-OH0JamopFo3GnGYYgshJiHSmcO52jDZnZdWH3/X2lEU=",
        "owner": "pythcoiner",
        "repo": "qontrol",
        "rev": "0475eee642841da567d291bbc196a567380eefcc",
        "type": "github"
      },
      "original": {
        "owner": "pythcoiner",
        "repo": "qontrol",
        "type": "github"
      }
    },
    "qt_src": {
      "flake": false,
      "locked": {
        "lastModified": 1710754297,
        "narHash": "sha256-VRGCmuFCqGQgb5wR4/q8nv1uLmfvNoVOqSYz83bCo3U=",
        "owner": "qt",
        "repo": "qtbase",
        "rev": "afdec885058c92e24604f398a926297222da06f3",
        "type": "github"
      },
      "original": {
        "owner": "qt",
        "ref": "v6.6.3",
        "repo": "qtbase",
        "type": "github"
      }
    },
    "qt_static": {
      "flake": false,
      "locked": {
        "lastModified": 1773727979,
        "narHash": "sha256-Hup7YlpKArHeW8MK5Apw+l8aFT727//TjuzlfANH1TE=",
        "owner": "pythcoiner",
        "repo": "qt_static",
        "rev": "8948e2f8cbbb8b5b4ca49c5af69e8d2b9f182514",
        "type": "github"
      },
      "original": {
        "owner": "pythcoiner",
        "ref": "6.6.3",
        "repo": "qt_static",
        "type": "github"
      }
    },
    "qt_svg_src": {
      "flake": false,
      "locked": {
        "lastModified": 1710780787,
        "narHash": "sha256-esAaMMqbEOWb00iIdt2ERwKOus1QOn2Xyvu6nG6uK3Q=",
        "owner": "qt",
        "repo": "qtsvg",
        "rev": "86b5372ebf311b7a6411666c17c9f45e072c4b6f",
        "type": "github"
      },
      "original": {
        "owner": "qt",
        "ref": "v6.6.3",
        "repo": "qtsvg",
        "type": "github"
      }
    },
    "root": {
      "inputs": {
        "bwk": "bwk",
        "nixpkgs": "nixpkgs",
        "qontrol": "qontrol",
        "qt_src": "qt_src",
        "qt_static": "qt_static",
        "qt_svg_src": "qt_svg_src",
        "rust-overlay": "rust-overlay",
        "spdk": "spdk"
      }
    },
    "rust-overlay": {
      "inputs": {
        "nixpkgs": [
          "nixpkgs"
        ]
      },
      "locked": {
        "lastModified": 1770001842,
        "narHash": "sha256-ZAyTeILfdWwDp1nuF0RK3McBduMi49qnJvrS+3Ezpac=",
        "owner": "oxalica",
        "repo": "rust-overlay",
        "rev": "5018343419ea808f8a413241381976b7e60951f2",
        "type": "github"
      },
      "original": {
        "owner": "oxalica",
        "repo": "rust-overlay",
        "type": "github"
      }
    },
    "spdk": {
      "flake": false,
      "locked": {
        "lastModified": 1769955621,
        "narHash": "sha256-7VdG9JOYT0nRTqe+dM2wtJbq+TwuvBwxTh+eRNa07SQ=",
        "owner": "pythcoiner",
        "repo": "spdk",
        "rev": "072cc669a5fe85991f0e82e3cdcbd7c307084552",
        "type": "github"
      },
      "original": {
        "owner": "pythcoiner",
        "ref": "blindbit_backend_non_async",
        "repo": "spdk",
        "type": "github"
      }
    }
  },
  "root": "root",
  "version": 7
}
